Microsoft Visual Studio Solution File, Format Version 8.00
Project("{8BC9CEB8-8B4A-11D0-8D11-00A0C91BC942}") = "animal", "animal.vcproj", "{2818FA94-D57E-4814-92C6-DD3C87645EAA}"
	ProjectSection(ProjectDependencies) = postProject
	EndProjectSection
EndProject
Global
	GlobalSection(SolutionConfiguration) = preSolution
		Debug = Debug
		Release = Release
	EndGlobalSection
	GlobalSection(ProjectConfiguration) = postSolution
		{2818FA94-D57E-4814-92C6-DD3C87645EAA}.Debug.ActiveCfg = Debug|Win32
		{2818FA94-D57E-4814-92C6-DD3C87645EAA}.Debug.Build.0 = Debug|Win32
		{2818FA94-D57E-4814-92C6-DD3C87645EAA}.Release.ActiveCfg = Release|Win32
		{2818FA94-D57E-4814-92C6-DD3C87645EAA}.Release.Build.0 = Release|Win32
	EndGlobalSection
	GlobalSection(ExtensibilityGlobals) = postSolution
	EndGlobalSection
	GlobalSection(ExtensibilityAddIns) = postSolution
	EndGlobalSection
EndGlobal
