Microsoft Visual Studio Solution File, Format Version 8.00
Project("{8BC9CEB8-8B4A-11D0-8D11-00A0C91BC942}") = "3", "3.vcproj", "{96324DF9-9EA3-43FE-99A9-8857B9C62E8A}"
	ProjectSection(ProjectDependencies) = postProject
	EndProjectSection
EndProject
Global
	GlobalSection(SolutionConfiguration) = preSolution
		Debug = Debug
		Release = Release
	EndGlobalSection
	GlobalSection(ProjectConfiguration) = postSolution
		{96324DF9-9EA3-43FE-99A9-8857B9C62E8A}.Debug.ActiveCfg = Debug|Win32
		{96324DF9-9EA3-43FE-99A9-8857B9C62E8A}.Debug.Build.0 = Debug|Win32
		{96324DF9-9EA3-43FE-99A9-8857B9C62E8A}.Release.ActiveCfg = Release|Win32
		{96324DF9-9EA3-43FE-99A9-8857B9C62E8A}.Release.Build.0 = Release|Win32
	EndGlobalSection
	GlobalSection(ExtensibilityGlobals) = postSolution
	EndGlobalSection
	GlobalSection(ExtensibilityAddIns) = postSolution
	EndGlobalSection
EndGlobal
