Microsoft Visual Studio Solution File, Format Version 8.00
Project("{8BC9CEB8-8B4A-11D0-8D11-00A0C91BC942}") = "3", "3.vcproj", "{EB519DB5-142E-446D-9913-649D864E2211}"
	ProjectSection(ProjectDependencies) = postProject
	EndProjectSection
EndProject
Global
	GlobalSection(SolutionConfiguration) = preSolution
		Debug = Debug
		Release = Release
	EndGlobalSection
	GlobalSection(ProjectConfiguration) = postSolution
		{EB519DB5-142E-446D-9913-649D864E2211}.Debug.ActiveCfg = Debug|Win32
		{EB519DB5-142E-446D-9913-649D864E2211}.Debug.Build.0 = Debug|Win32
		{EB519DB5-142E-446D-9913-649D864E2211}.Release.ActiveCfg = Release|Win32
		{EB519DB5-142E-446D-9913-649D864E2211}.Release.Build.0 = Release|Win32
	EndGlobalSection
	GlobalSection(ExtensibilityGlobals) = postSolution
	EndGlobalSection
	GlobalSection(ExtensibilityAddIns) = postSolution
	EndGlobalSection
EndGlobal
